
Microsoft Visual Studio Solution File, Format Version 12.00
# Visual Studio Version 17
VisualStudioVersion = 17.2.32630.192
MinimumVisualStudioVersion = 10.0.40219.1
Project("{FAE04EC0-301F-11D3-BF4B-00C04F79EFBC}") = "FrequencyQuasiReferencing", "FrequencyQuasiReferencing\FrequencyQuasiReferencing.csproj", "{31D62B8B-90F1-4D1D-BA94-B6CA0A23A3BC}"
EndProject
Global
	GlobalSection(SolutionConfigurationPlatforms) = preSolution
		Debug|Any CPU = Debug|Any CPU
		Release|Any CPU = Release|Any CPU
	EndGlobalSection
	GlobalSection(ProjectConfigurationPlatforms) = postSolution
		{31D62B8B-90F1-4D1D-BA94-B6CA0A23A3BC}.Debug|Any CPU.ActiveCfg = Debug|Any CPU
		{31D62B8B-90F1-4D1D-BA94-B6CA0A23A3BC}.Debug|Any CPU.Build.0 = Debug|Any CPU
		{31D62B8B-90F1-4D1D-BA94-B6CA0A23A3BC}.Release|Any CPU.ActiveCfg = Release|Any CPU
		{31D62B8B-90F1-4D1D-BA94-B6CA0A23A3BC}.Release|Any CPU.Build.0 = Release|Any CPU
	EndGlobalSection
	GlobalSection(SolutionProperties) = preSolution
		HideSolutionNode = FALSE
	EndGlobalSection
	GlobalSection(ExtensibilityGlobals) = postSolution
		SolutionGuid = {920BB163-720D-4D3F-9BE5-27DFC3325992}
	EndGlobalSection
EndGlobal
